
Microsoft Visual Studio Solution File, Format Version 12.00
# Visual Studio Version 16
VisualStudioVersion = 16.0.30621.155
MinimumVisualStudioVersion = 10.0.40219.1
Project("{FAE04EC0-301F-11D3-BF4B-00C04F79EFBC}") = "mp09_async_await", "mp09_async_await\mp09_async_await.csproj", "{911DE81E-7BD4-4695-A824-8B1A4C052E31}"
EndProject
Global
	GlobalSection(SolutionConfigurationPlatforms) = preSolution
		Debug|Any CPU = Debug|Any CPU
		Release|Any CPU = Release|Any CPU
	EndGlobalSection
	GlobalSection(ProjectConfigurationPlatforms) = postSolution
		{911DE81E-7BD4-4695-A824-8B1A4C052E31}.Debug|Any CPU.ActiveCfg = Debug|Any CPU
		{911DE81E-7BD4-4695-A824-8B1A4C052E31}.Debug|Any CPU.Build.0 = Debug|Any CPU
		{911DE81E-7BD4-4695-A824-8B1A4C052E31}.Release|Any CPU.ActiveCfg = Release|Any CPU
		{911DE81E-7BD4-4695-A824-8B1A4C052E31}.Release|Any CPU.Build.0 = Release|Any CPU
	EndGlobalSection
	GlobalSection(SolutionProperties) = preSolution
		HideSolutionNode = FALSE
	EndGlobalSection
	GlobalSection(ExtensibilityGlobals) = postSolution
		SolutionGuid = {0957695C-B981-4B53-95A6-B89E6BE4BFAE}
	EndGlobalSection
EndGlobal
